
Microsoft Visual Studio Solution File, Format Version 12.00
# Visual Studio Version 16
VisualStudioVersion = 16.0.30804.86
MinimumVisualStudioVersion = 10.0.40219.1
Project("{FAE04EC0-301F-11D3-BF4B-00C04F79EFBC}") = "VMApi", "VMApi.csproj", "{857B3EFC-08B3-47A5-85FB-41ACC1F2BB19}"
EndProject
Global
	GlobalSection(SolutionConfigurationPlatforms) = preSolution
		Debug|Any CPU = Debug|Any CPU
		Release|Any CPU = Release|Any CPU
	EndGlobalSection
	GlobalSection(ProjectConfigurationPlatforms) = postSolution
		{857B3EFC-08B3-47A5-85FB-41ACC1F2BB19}.Debug|Any CPU.ActiveCfg = Debug|Any CPU
		{857B3EFC-08B3-47A5-85FB-41ACC1F2BB19}.Debug|Any CPU.Build.0 = Debug|Any CPU
		{857B3EFC-08B3-47A5-85FB-41ACC1F2BB19}.Release|Any CPU.ActiveCfg = Release|Any CPU
		{857B3EFC-08B3-47A5-85FB-41ACC1F2BB19}.Release|Any CPU.Build.0 = Release|Any CPU
	EndGlobalSection
	GlobalSection(SolutionProperties) = preSolution
		HideSolutionNode = FALSE
	EndGlobalSection
	GlobalSection(ExtensibilityGlobals) = postSolution
		SolutionGuid = {A77AB09A-F970-41FC-904F-8ADCF2E9A127}
	EndGlobalSection
EndGlobal
